
Microsoft Visual Studio Solution File, Format Version 12.00
# Visual Studio Version 17
VisualStudioVersion = 17.11.35222.181
MinimumVisualStudioVersion = 10.0.40219.1
Project("{FAE04EC0-301F-11D3-BF4B-00C04F79EFBC}") = "TestApi", "TestApi\TestApi.csproj", "{50335D25-3F2E-4AC6-A630-7931A8D3871A}"
EndProject
Global
	GlobalSection(SolutionConfigurationPlatforms) = preSolution
		Debug|Any CPU = Debug|Any CPU
		Release|Any CPU = Release|Any CPU
	EndGlobalSection
	GlobalSection(ProjectConfigurationPlatforms) = postSolution
		{50335D25-3F2E-4AC6-A630-7931A8D3871A}.Debug|Any CPU.ActiveCfg = Debug|Any CPU
		{50335D25-3F2E-4AC6-A630-7931A8D3871A}.Debug|Any CPU.Build.0 = Debug|Any CPU
		{50335D25-3F2E-4AC6-A630-7931A8D3871A}.Release|Any CPU.ActiveCfg = Release|Any CPU
		{50335D25-3F2E-4AC6-A630-7931A8D3871A}.Release|Any CPU.Build.0 = Release|Any CPU
	EndGlobalSection
	GlobalSection(SolutionProperties) = preSolution
		HideSolutionNode = FALSE
	EndGlobalSection
	GlobalSection(ExtensibilityGlobals) = postSolution
		SolutionGuid = {3ABE3FBF-2B33-4BAE-9BF7-875DFB96BF7A}
	EndGlobalSection
EndGlobal
